# THIS IS AN AUTOGENERATED FILE. DO NOT EDIT THIS FILE DIRECTLY.
# yarn lockfile v1


"@types/node@^10.12.1":
  version "10.12.1"
  resolved "https://registry.npmjs.org/@types/node/-/node-10.12.1.tgz#da61b64a2930a80fa708e57c45cd5441eb379d5b"

typescript@^3.1.3:
  version "3.1.3"
  resolved "https://registry.npmjs.org/typescript/-/typescript-3.1.3.tgz#01b70247a6d3c2467f70c45795ef5ea18ce191d5"
